
Microsoft Visual Studio Solution File, Format Version 12.00
# Visual Studio Version 17
VisualStudioVersion = 17.13.35828.75 d17.13
MinimumVisualStudioVersion = 10.0.40219.1
Project("{FAE04EC0-301F-11D3-BF4B-00C04F79EFBC}") = "2_Operator", "2_Operator\2_Operator.csproj", "{CD8FD1F8-2D20-457C-B6BD-A5F33F71F6A7}"
EndProject
Global
	GlobalSection(SolutionConfigurationPlatforms) = preSolution
		Debug|Any CPU = Debug|Any CPU
		Release|Any CPU = Release|Any CPU
	EndGlobalSection
	GlobalSection(ProjectConfigurationPlatforms) = postSolution
		{CD8FD1F8-2D20-457C-B6BD-A5F33F71F6A7}.Debug|Any CPU.ActiveCfg = Debug|Any CPU
		{CD8FD1F8-2D20-457C-B6BD-A5F33F71F6A7}.Debug|Any CPU.Build.0 = Debug|Any CPU
		{CD8FD1F8-2D20-457C-B6BD-A5F33F71F6A7}.Release|Any CPU.ActiveCfg = Release|Any CPU
		{CD8FD1F8-2D20-457C-B6BD-A5F33F71F6A7}.Release|Any CPU.Build.0 = Release|Any CPU
	EndGlobalSection
	GlobalSection(SolutionProperties) = preSolution
		HideSolutionNode = FALSE
	EndGlobalSection
	GlobalSection(ExtensibilityGlobals) = postSolution
		SolutionGuid = {F11CA9F5-3CAA-4573-8325-5CFD87D5A9DA}
	EndGlobalSection
EndGlobal
