Microsoft Visual Studio Solution File, Format Version 12.00
# Visual Studio Version 17
VisualStudioVersion = 17.13.35828.75
MinimumVisualStudioVersion = 10.0.40219.1
Project("{FAE04EC0-301F-11D3-BF4B-00C04F79EFBC}") = "1_dictionary", "1_dictionary\1_dictionary.csproj", "{41E61FBF-6D58-4A65-ADDA-CFC24D3F8EF9}"
EndProject
Global
	GlobalSection(SolutionConfigurationPlatforms) = preSolution
		Debug|Any CPU = Debug|Any CPU
		Release|Any CPU = Release|Any CPU
	EndGlobalSection
	GlobalSection(ProjectConfigurationPlatforms) = postSolution
		{41E61FBF-6D58-4A65-ADDA-CFC24D3F8EF9}.Debug|Any CPU.ActiveCfg = Debug|Any CPU
		{41E61FBF-6D58-4A65-ADDA-CFC24D3F8EF9}.Debug|Any CPU.Build.0 = Debug|Any CPU
		{41E61FBF-6D58-4A65-ADDA-CFC24D3F8EF9}.Release|Any CPU.ActiveCfg = Release|Any CPU
		{41E61FBF-6D58-4A65-ADDA-CFC24D3F8EF9}.Release|Any CPU.Build.0 = Release|Any CPU
	EndGlobalSection
	GlobalSection(SolutionProperties) = preSolution
		HideSolutionNode = FALSE
	EndGlobalSection
	GlobalSection(ExtensibilityGlobals) = postSolution
		SolutionGuid = {53451733-9C59-44DD-AE78-E55A120B74D4}
	EndGlobalSection
EndGlobal
