
Microsoft Visual Studio Solution File, Format Version 12.00
# Visual Studio Version 17
VisualStudioVersion = 17.13.35828.75 d17.13
MinimumVisualStudioVersion = 10.0.40219.1
Project("{FAE04EC0-301F-11D3-BF4B-00C04F79EFBC}") = "1_number", "1_number\1_number.csproj", "{AC502ADF-F360-48D4-8684-0B1E9C35968A}"
EndProject
Global
	GlobalSection(SolutionConfigurationPlatforms) = preSolution
		Debug|Any CPU = Debug|Any CPU
		Release|Any CPU = Release|Any CPU
	EndGlobalSection
	GlobalSection(ProjectConfigurationPlatforms) = postSolution
		{AC502ADF-F360-48D4-8684-0B1E9C35968A}.Debug|Any CPU.ActiveCfg = Debug|Any CPU
		{AC502ADF-F360-48D4-8684-0B1E9C35968A}.Debug|Any CPU.Build.0 = Debug|Any CPU
		{AC502ADF-F360-48D4-8684-0B1E9C35968A}.Release|Any CPU.ActiveCfg = Release|Any CPU
		{AC502ADF-F360-48D4-8684-0B1E9C35968A}.Release|Any CPU.Build.0 = Release|Any CPU
	EndGlobalSection
	GlobalSection(SolutionProperties) = preSolution
		HideSolutionNode = FALSE
	EndGlobalSection
	GlobalSection(ExtensibilityGlobals) = postSolution
		SolutionGuid = {2843A235-59A6-4606-8104-C8D3617AED92}
	EndGlobalSection
EndGlobal
