
Microsoft Visual Studio Solution File, Format Version 12.00
# Visual Studio Version 17
VisualStudioVersion = 17.13.35828.75 d17.13
MinimumVisualStudioVersion = 10.0.40219.1
Project("{FAE04EC0-301F-11D3-BF4B-00C04F79EFBC}") = "1_string", "1_string\1_string.csproj", "{C1AD7090-9961-4D0F-949C-00C4C5D147A0}"
EndProject
Global
	GlobalSection(SolutionConfigurationPlatforms) = preSolution
		Debug|Any CPU = Debug|Any CPU
		Release|Any CPU = Release|Any CPU
	EndGlobalSection
	GlobalSection(ProjectConfigurationPlatforms) = postSolution
		{C1AD7090-9961-4D0F-949C-00C4C5D147A0}.Debug|Any CPU.ActiveCfg = Debug|Any CPU
		{C1AD7090-9961-4D0F-949C-00C4C5D147A0}.Debug|Any CPU.Build.0 = Debug|Any CPU
		{C1AD7090-9961-4D0F-949C-00C4C5D147A0}.Release|Any CPU.ActiveCfg = Release|Any CPU
		{C1AD7090-9961-4D0F-949C-00C4C5D147A0}.Release|Any CPU.Build.0 = Release|Any CPU
	EndGlobalSection
	GlobalSection(SolutionProperties) = preSolution
		HideSolutionNode = FALSE
	EndGlobalSection
	GlobalSection(ExtensibilityGlobals) = postSolution
		SolutionGuid = {91CB312D-C4CC-48C2-B73E-A6DCD263BC64}
	EndGlobalSection
EndGlobal
