
Microsoft Visual Studio Solution File, Format Version 12.00
# Visual Studio Version 17
VisualStudioVersion = 17.13.35825.156 d17.13
MinimumVisualStudioVersion = 10.0.40219.1
Project("{FAE04EC0-301F-11D3-BF4B-00C04F79EFBC}") = "char_str", "char_str\char_str.csproj", "{A7E99E5B-2D53-4018-9839-C46C9FC27159}"
EndProject
Global
	GlobalSection(SolutionConfigurationPlatforms) = preSolution
		Debug|Any CPU = Debug|Any CPU
		Release|Any CPU = Release|Any CPU
	EndGlobalSection
	GlobalSection(ProjectConfigurationPlatforms) = postSolution
		{A7E99E5B-2D53-4018-9839-C46C9FC27159}.Debug|Any CPU.ActiveCfg = Debug|Any CPU
		{A7E99E5B-2D53-4018-9839-C46C9FC27159}.Debug|Any CPU.Build.0 = Debug|Any CPU
		{A7E99E5B-2D53-4018-9839-C46C9FC27159}.Release|Any CPU.ActiveCfg = Release|Any CPU
		{A7E99E5B-2D53-4018-9839-C46C9FC27159}.Release|Any CPU.Build.0 = Release|Any CPU
	EndGlobalSection
	GlobalSection(SolutionProperties) = preSolution
		HideSolutionNode = FALSE
	EndGlobalSection
	GlobalSection(ExtensibilityGlobals) = postSolution
		SolutionGuid = {580B5FCD-AC69-445D-BDC2-F712059A9003}
	EndGlobalSection
EndGlobal
