
Microsoft Visual Studio Solution File, Format Version 12.00
# Visual Studio Version 17
VisualStudioVersion = 17.13.35825.156 d17.13
MinimumVisualStudioVersion = 10.0.40219.1
Project("{FAE04EC0-301F-11D3-BF4B-00C04F79EFBC}") = "type", "type\type.csproj", "{47E52761-0162-413F-BDF1-12F43069C73F}"
EndProject
Global
	GlobalSection(SolutionConfigurationPlatforms) = preSolution
		Debug|Any CPU = Debug|Any CPU
		Release|Any CPU = Release|Any CPU
	EndGlobalSection
	GlobalSection(ProjectConfigurationPlatforms) = postSolution
		{47E52761-0162-413F-BDF1-12F43069C73F}.Debug|Any CPU.ActiveCfg = Debug|Any CPU
		{47E52761-0162-413F-BDF1-12F43069C73F}.Debug|Any CPU.Build.0 = Debug|Any CPU
		{47E52761-0162-413F-BDF1-12F43069C73F}.Release|Any CPU.ActiveCfg = Release|Any CPU
		{47E52761-0162-413F-BDF1-12F43069C73F}.Release|Any CPU.Build.0 = Release|Any CPU
	EndGlobalSection
	GlobalSection(SolutionProperties) = preSolution
		HideSolutionNode = FALSE
	EndGlobalSection
	GlobalSection(ExtensibilityGlobals) = postSolution
		SolutionGuid = {A32DF7A7-FA10-422F-A4DB-920F31CECFF9}
	EndGlobalSection
EndGlobal
