
Microsoft Visual Studio Solution File, Format Version 12.00
# Visual Studio Version 17
VisualStudioVersion = 17.13.35825.156 d17.13
MinimumVisualStudioVersion = 10.0.40219.1
Project("{FAE04EC0-301F-11D3-BF4B-00C04F79EFBC}") = "반복문", "반복문\반복문.csproj", "{6FA8CDA1-1948-4DA8-B1DE-45477A19F87C}"
EndProject
Global
	GlobalSection(SolutionConfigurationPlatforms) = preSolution
		Debug|Any CPU = Debug|Any CPU
		Release|Any CPU = Release|Any CPU
	EndGlobalSection
	GlobalSection(ProjectConfigurationPlatforms) = postSolution
		{6FA8CDA1-1948-4DA8-B1DE-45477A19F87C}.Debug|Any CPU.ActiveCfg = Debug|Any CPU
		{6FA8CDA1-1948-4DA8-B1DE-45477A19F87C}.Debug|Any CPU.Build.0 = Debug|Any CPU
		{6FA8CDA1-1948-4DA8-B1DE-45477A19F87C}.Release|Any CPU.ActiveCfg = Release|Any CPU
		{6FA8CDA1-1948-4DA8-B1DE-45477A19F87C}.Release|Any CPU.Build.0 = Release|Any CPU
	EndGlobalSection
	GlobalSection(SolutionProperties) = preSolution
		HideSolutionNode = FALSE
	EndGlobalSection
	GlobalSection(ExtensibilityGlobals) = postSolution
		SolutionGuid = {9E1DC598-E4CE-4899-94C0-9B055A144FD7}
	EndGlobalSection
EndGlobal
