
Microsoft Visual Studio Solution File, Format Version 12.00
# Visual Studio Version 17
VisualStudioVersion = 17.13.35825.156 d17.13
MinimumVisualStudioVersion = 10.0.40219.1
Project("{FAE04EC0-301F-11D3-BF4B-00C04F79EFBC}") = "convert", "convert\convert.csproj", "{5C1A2855-D9E0-402F-A7ED-1800A9B627D2}"
EndProject
Global
	GlobalSection(SolutionConfigurationPlatforms) = preSolution
		Debug|Any CPU = Debug|Any CPU
		Release|Any CPU = Release|Any CPU
	EndGlobalSection
	GlobalSection(ProjectConfigurationPlatforms) = postSolution
		{5C1A2855-D9E0-402F-A7ED-1800A9B627D2}.Debug|Any CPU.ActiveCfg = Debug|Any CPU
		{5C1A2855-D9E0-402F-A7ED-1800A9B627D2}.Debug|Any CPU.Build.0 = Debug|Any CPU
		{5C1A2855-D9E0-402F-A7ED-1800A9B627D2}.Release|Any CPU.ActiveCfg = Release|Any CPU
		{5C1A2855-D9E0-402F-A7ED-1800A9B627D2}.Release|Any CPU.Build.0 = Release|Any CPU
	EndGlobalSection
	GlobalSection(SolutionProperties) = preSolution
		HideSolutionNode = FALSE
	EndGlobalSection
	GlobalSection(ExtensibilityGlobals) = postSolution
		SolutionGuid = {F402C5D7-C102-4D1B-8F2A-8F31794FA419}
	EndGlobalSection
EndGlobal
