
Microsoft Visual Studio Solution File, Format Version 12.00
# Visual Studio Version 17
VisualStudioVersion = 17.13.35828.75 d17.13
MinimumVisualStudioVersion = 10.0.40219.1
Project("{FAE04EC0-301F-11D3-BF4B-00C04F79EFBC}") = "반복문2", "반복문2\반복문2.csproj", "{E6B6629E-6F12-486C-8039-36921F33D420}"
EndProject
Global
	GlobalSection(SolutionConfigurationPlatforms) = preSolution
		Debug|Any CPU = Debug|Any CPU
		Release|Any CPU = Release|Any CPU
	EndGlobalSection
	GlobalSection(ProjectConfigurationPlatforms) = postSolution
		{E6B6629E-6F12-486C-8039-36921F33D420}.Debug|Any CPU.ActiveCfg = Debug|Any CPU
		{E6B6629E-6F12-486C-8039-36921F33D420}.Debug|Any CPU.Build.0 = Debug|Any CPU
		{E6B6629E-6F12-486C-8039-36921F33D420}.Release|Any CPU.ActiveCfg = Release|Any CPU
		{E6B6629E-6F12-486C-8039-36921F33D420}.Release|Any CPU.Build.0 = Release|Any CPU
	EndGlobalSection
	GlobalSection(SolutionProperties) = preSolution
		HideSolutionNode = FALSE
	EndGlobalSection
	GlobalSection(ExtensibilityGlobals) = postSolution
		SolutionGuid = {C8E25111-A583-4126-88F4-06890AA3B26F}
	EndGlobalSection
EndGlobal
